// !$*UTF8*$!
{
	archiveVersion = 1;
	classes = {
	};
	objectVersion = 51;
	objects = {

/* Begin PBXBuildFile section */
		0428BCB2255EA1C500921626 /* GoogleService-Info.plist in Resources */ = {isa = PBXBuildFile; fileRef = 0428BCB1255EA1C500921626 /* GoogleService-Info.plist */; };
		0428BD6A2560357A00921626 /* DatabaseManager.swift in Sources */ = {isa = PBXBuildFile; fileRef = 0428BD692560357A00921626 /* DatabaseManager.swift */; };
		0452258F257807BC00B6D33F /* Extension+Notification.swift in Sources */ = {isa = PBXBuildFile; fileRef = 0452258E257807BC00B6D33F /* Extension+Notification.swift */; };
		045225B92578E2D700B6D33F /* ChatViewController.swift in Sources */ = {isa = PBXBuildFile; fileRef = 045225B82578E2D700B6D33F /* ChatViewController.swift */; };
		04522601257A463200B6D33F /* StorageManager.swift in Sources */ = {isa = PBXBuildFile; fileRef = 04522600257A463200B6D33F /* StorageManager.swift */; };
		04C786472555B37B003203E2 /* AppDelegate.swift in Sources */ = {isa = PBXBuildFile; fileRef = 04C786462555B37B003203E2 /* AppDelegate.swift */; };
		04C786492555B37B003203E2 /* SceneDelegate.swift in Sources */ = {isa = PBXBuildFile; fileRef = 04C786482555B37B003203E2 /* SceneDelegate.swift */; };
		04C7864B2555B37B003203E2 /* ConversationsViewController.swift in Sources */ = {isa = PBXBuildFile; fileRef = 04C7864A2555B37B003203E2 /* ConversationsViewController.swift */; };
		04C7864E2555B37B003203E2 /* Main.storyboard in Resources */ = {isa = PBXBuildFile; fileRef = 04C7864C2555B37B003203E2 /* Main.storyboard */; };
		04C786502555B37E003203E2 /* Assets.xcassets in Resources */ = {isa = PBXBuildFile; fileRef = 04C7864F2555B37E003203E2 /* Assets.xcassets */; };
		04C786532555B37E003203E2 /* LaunchScreen.storyboard in Resources */ = {isa = PBXBuildFile; fileRef = 04C786512555B37E003203E2 /* LaunchScreen.storyboard */; };
		04C7865E2555B37E003203E2 /* BamiSoroTests.swift in Sources */ = {isa = PBXBuildFile; fileRef = 04C7865D2555B37E003203E2 /* BamiSoroTests.swift */; };
		04C786692555B37E003203E2 /* BamiSoroUITests.swift in Sources */ = {isa = PBXBuildFile; fileRef = 04C786682555B37E003203E2 /* BamiSoroUITests.swift */; };
		04C7868925569D88003203E2 /* LoginViewController.swift in Sources */ = {isa = PBXBuildFile; fileRef = 04C7868825569D88003203E2 /* LoginViewController.swift */; };
		04C7868E25569DA3003203E2 /* RegisterViewController.swift in Sources */ = {isa = PBXBuildFile; fileRef = 04C7868D25569DA3003203E2 /* RegisterViewController.swift */; };
		04C7869425569E58003203E2 /* PhotoViewerViewController.swift in Sources */ = {isa = PBXBuildFile; fileRef = 04C7869325569E58003203E2 /* PhotoViewerViewController.swift */; };
		04C7869925569EAA003203E2 /* VideoPlayerViewController.swift in Sources */ = {isa = PBXBuildFile; fileRef = 04C7869825569EAA003203E2 /* VideoPlayerViewController.swift */; };
		04C786A125569F05003203E2 /* NewConversationViewController.swift in Sources */ = {isa = PBXBuildFile; fileRef = 04C786A025569F05003203E2 /* NewConversationViewController.swift */; };
		04C786A625569F13003203E2 /* ProfileViewController.swift in Sources */ = {isa = PBXBuildFile; fileRef = 04C786A525569F13003203E2 /* ProfileViewController.swift */; };
		04C786B02556A77F003203E2 /* BamiSoroContants.swift in Sources */ = {isa = PBXBuildFile; fileRef = 04C786AF2556A77F003203E2 /* BamiSoroContants.swift */; };
		04C786BC2556B7CE003203E2 /* Extension+UIView.swift in Sources */ = {isa = PBXBuildFile; fileRef = 04C786BB2556B7CE003203E2 /* Extension+UIView.swift */; };
		04DBBE9F256C2DA40079E5E0 /* Helpers.swift in Sources */ = {isa = PBXBuildFile; fileRef = 04DBBE9E256C2DA40079E5E0 /* Helpers.swift */; };
		C865E75528E516539B4BD89B /* Pods_BamiSoro.framework in Frameworks */ = {isa = PBXBuildFile; fileRef = 2B06E15D9222ED11EFE664C3 /* Pods_BamiSoro.framework */; };
		D9FE03F618641E7659D29EC8 /* Pods_BamiSoro_BamiSoroUITests.framework in Frameworks */ = {isa = PBXBuildFile; fileRef = 40C4829B2898986C9CED87B2 /* Pods_BamiSoro_BamiSoroUITests.framework */; };
		F3E76922C64C7A571F6ACE2D /* Pods_BamiSoroTests.framework in Frameworks */ = {isa = PBXBuildFile; fileRef = E4B719C4591D69D89DEBDD01 /* Pods_BamiSoroTests.framework */; };
/* End PBXBuildFile section */

/* Begin PBXContainerItemProxy section */
		04C7865A2555B37E003203E2 /* PBXContainerItemProxy */ = {
			isa = PBXContainerItemProxy;
			containerPortal = 04C7863B2555B37B003203E2 /* Project object */;
			proxyType = 1;
			remoteGlobalIDString = 04C786422555B37B003203E2;
			remoteInfo = BamiSoro;
		};
		04C786652555B37E003203E2 /* PBXContainerItemProxy */ = {
			isa = PBXContainerItemProxy;
			containerPortal = 04C7863B2555B37B003203E2 /* Project object */;
			proxyType = 1;
			remoteGlobalIDString = 04C786422555B37B003203E2;
			remoteInfo = BamiSoro;
		};
/* End PBXContainerItemProxy section */

/* Begin PBXFileReference section */
		01FBA96F6E74DBA37CA0658E /* Pods-BamiSoro-BamiSoroUITests.release.xcconfig */ = {isa = PBXFileReference; includeInIndex = 1; lastKnownFileType = text.xcconfig; name = "Pods-BamiSoro-BamiSoroUITests.release.xcconfig"; path = "Target Support Files/Pods-BamiSoro-BamiSoroUITests/Pods-BamiSoro-BamiSoroUITests.release.xcconfig"; sourceTree = "<group>"; };
		0428BCB1255EA1C500921626 /* GoogleService-Info.plist */ = {isa = PBXFileReference; fileEncoding = 4; lastKnownFileType = text.plist.xml; path = "GoogleService-Info.plist"; sourceTree = "<group>"; };
		0428BD692560357A00921626 /* DatabaseManager.swift */ = {isa = PBXFileReference; lastKnownFileType = sourcecode.swift; path = DatabaseManager.swift; sourceTree = "<group>"; };
		0452258E257807BC00B6D33F /* Extension+Notification.swift */ = {isa = PBXFileReference; lastKnownFileType = sourcecode.swift; path = "Extension+Notification.swift"; sourceTree = "<group>"; };
		045225B82578E2D700B6D33F /* ChatViewController.swift */ = {isa = PBXFileReference; lastKnownFileType = sourcecode.swift; path = ChatViewController.swift; sourceTree = "<group>"; };
		04522600257A463200B6D33F /* StorageManager.swift */ = {isa = PBXFileReference; lastKnownFileType = sourcecode.swift; path = StorageManager.swift; sourceTree = "<group>"; };
		04C786432555B37B003203E2 /* BamiSoro.app */ = {isa = PBXFileReference; explicitFileType = wrapper.application; includeInIndex = 0; path = BamiSoro.app; sourceTree = BUILT_PRODUCTS_DIR; };
		04C786462555B37B003203E2 /* AppDelegate.swift */ = {isa = PBXFileReference; lastKnownFileType = sourcecode.swift; path = AppDelegate.swift; sourceTree = "<group>"; };
		04C786482555B37B003203E2 /* SceneDelegate.swift */ = {isa = PBXFileReference; lastKnownFileType = sourcecode.swift; path = SceneDelegate.swift; sourceTree = "<group>"; };
		04C7864A2555B37B003203E2 /* ConversationsViewController.swift */ = {isa = PBXFileReference; lastKnownFileType = sourcecode.swift; path = ConversationsViewController.swift; sourceTree = "<group>"; };
		04C7864D2555B37B003203E2 /* Base */ = {isa = PBXFileReference; lastKnownFileType = file.storyboard; name = Base; path = Base.lproj/Main.storyboard; sourceTree = "<group>"; };
		04C7864F2555B37E003203E2 /* Assets.xcassets */ = {isa = PBXFileReference; lastKnownFileType = folder.assetcatalog; path = Assets.xcassets; sourceTree = "<group>"; };
		04C786522555B37E003203E2 /* Base */ = {isa = PBXFileReference; lastKnownFileType = file.storyboard; name = Base; path = Base.lproj/LaunchScreen.storyboard; sourceTree = "<group>"; };
		04C786542555B37E003203E2 /* Info.plist */ = {isa = PBXFileReference; lastKnownFileType = text.plist.xml; path = Info.plist; sourceTree = "<group>"; };
		04C786592555B37E003203E2 /* BamiSoroTests.xctest */ = {isa = PBXFileReference; explicitFileType = wrapper.cfbundle; includeInIndex = 0; path = BamiSoroTests.xctest; sourceTree = BUILT_PRODUCTS_DIR; };
		04C7865D2555B37E003203E2 /* BamiSoroTests.swift */ = {isa = PBXFileReference; lastKnownFileType = sourcecode.swift; path = BamiSoroTests.swift; sourceTree = "<group>"; };
		04C7865F2555B37E003203E2 /* Info.plist */ = {isa = PBXFileReference; lastKnownFileType = text.plist.xml; path = Info.plist; sourceTree = "<group>"; };
		04C786642555B37E003203E2 /* BamiSoroUITests.xctest */ = {isa = PBXFileReference; explicitFileType = wrapper.cfbundle; includeInIndex = 0; path = BamiSoroUITests.xctest; sourceTree = BUILT_PRODUCTS_DIR; };
		04C786682555B37E003203E2 /* BamiSoroUITests.swift */ = {isa = PBXFileReference; lastKnownFileType = sourcecode.swift; path = BamiSoroUITests.swift; sourceTree = "<group>"; };
		04C7866A2555B37E003203E2 /* Info.plist */ = {isa = PBXFileReference; lastKnownFileType = text.plist.xml; path = Info.plist; sourceTree = "<group>"; };
		04C7868825569D88003203E2 /* LoginViewController.swift */ = {isa = PBXFileReference; lastKnownFileType = sourcecode.swift; path = LoginViewController.swift; sourceTree = "<group>"; };
		04C7868D25569DA3003203E2 /* RegisterViewController.swift */ = {isa = PBXFileReference; lastKnownFileType = sourcecode.swift; path = RegisterViewController.swift; sourceTree = "<group>"; };
		04C7869325569E58003203E2 /* PhotoViewerViewController.swift */ = {isa = PBXFileReference; lastKnownFileType = sourcecode.swift; path = PhotoViewerViewController.swift; sourceTree = "<group>"; };
		04C7869825569EAA003203E2 /* VideoPlayerViewController.swift */ = {isa = PBXFileReference; lastKnownFileType = sourcecode.swift; path = VideoPlayerViewController.swift; sourceTree = "<group>"; };
		04C786A025569F05003203E2 /* NewConversationViewController.swift */ = {isa = PBXFileReference; lastKnownFileType = sourcecode.swift; path = NewConversationViewController.swift; sourceTree = "<group>"; };
		04C786A525569F13003203E2 /* ProfileViewController.swift */ = {isa = PBXFileReference; lastKnownFileType = sourcecode.swift; path = ProfileViewController.swift; sourceTree = "<group>"; };
		04C786AF2556A77F003203E2 /* BamiSoroContants.swift */ = {isa = PBXFileReference; lastKnownFileType = sourcecode.swift; path = BamiSoroContants.swift; sourceTree = "<group>"; };
		04C786B72556AEAB003203E2 /* BamiSoro.entitlements */ = {isa = PBXFileReference; lastKnownFileType = text.plist.entitlements; path = BamiSoro.entitlements; sourceTree = "<group>"; };
		04C786BB2556B7CE003203E2 /* Extension+UIView.swift */ = {isa = PBXFileReference; lastKnownFileType = sourcecode.swift; path = "Extension+UIView.swift"; sourceTree = "<group>"; };
		04DBBE9E256C2DA40079E5E0 /* Helpers.swift */ = {isa = PBXFileReference; lastKnownFileType = sourcecode.swift; path = Helpers.swift; sourceTree = "<group>"; };
		2B06E15D9222ED11EFE664C3 /* Pods_BamiSoro.framework */ = {isa = PBXFileReference; explicitFileType = wrapper.framework; includeInIndex = 0; path = Pods_BamiSoro.framework; sourceTree = BUILT_PRODUCTS_DIR; };
		40C4829B2898986C9CED87B2 /* Pods_BamiSoro_BamiSoroUITests.framework */ = {isa = PBXFileReference; explicitFileType = wrapper.framework; includeInIndex = 0; path = Pods_BamiSoro_BamiSoroUITests.framework; sourceTree = BUILT_PRODUCTS_DIR; };
		65E014F1F1FC6242489E0BA5 /* Pods-BamiSoroTests.debug.xcconfig */ = {isa = PBXFileReference; includeInIndex = 1; lastKnownFileType = text.xcconfig; name = "Pods-BamiSoroTests.debug.xcconfig"; path = "Target Support Files/Pods-BamiSoroTests/Pods-BamiSoroTests.debug.xcconfig"; sourceTree = "<group>"; };
		A5E7ED056F502C508E03DB3E /* Pods-BamiSoro-BamiSoroUITests.debug.xcconfig */ = {isa = PBXFileReference; includeInIndex = 1; lastKnownFileType = text.xcconfig; name = "Pods-BamiSoro-BamiSoroUITests.debug.xcconfig"; path = "Target Support Files/Pods-BamiSoro-BamiSoroUITests/Pods-BamiSoro-BamiSoroUITests.debug.xcconfig"; sourceTree = "<group>"; };
		C28567ACFE0459DA82AF8BB1 /* Pods-BamiSoro.debug.xcconfig */ = {isa = PBXFileReference; includeInIndex = 1; lastKnownFileType = text.xcconfig; name = "Pods-BamiSoro.debug.xcconfig"; path = "Target Support Files/Pods-BamiSoro/Pods-BamiSoro.debug.xcconfig"; sourceTree = "<group>"; };
		CBA71E0BB9A2B5402E2151E3 /* Pods-BamiSoroTests.release.xcconfig */ = {isa = PBXFileReference; includeInIndex = 1; lastKnownFileType = text.xcconfig; name = "Pods-BamiSoroTests.release.xcconfig"; path = "Target Support Files/Pods-BamiSoroTests/Pods-BamiSoroTests.release.xcconfig"; sourceTree = "<group>"; };
		E4B719C4591D69D89DEBDD01 /* Pods_BamiSoroTests.framework */ = {isa = PBXFileReference; explicitFileType = wrapper.framework; includeInIndex = 0; path = Pods_BamiSoroTests.framework; sourceTree = BUILT_PRODUCTS_DIR; };
		FCCF8884F4ABD35204308FD8 /* Pods-BamiSoro.release.xcconfig */ = {isa = PBXFileReference; includeInIndex = 1; lastKnownFileType = text.xcconfig; name = "Pods-BamiSoro.release.xcconfig"; path = "Target Support Files/Pods-BamiSoro/Pods-BamiSoro.release.xcconfig"; sourceTree = "<group>"; };
/* End PBXFileReference section */

/* Begin PBXFrameworksBuildPhase section */
		04C786402555B37B003203E2 /* Frameworks */ = {
			isa = PBXFrameworksBuildPhase;
			buildActionMask = 2147483647;
			files = (
				C865E75528E516539B4BD89B /* Pods_BamiSoro.framework in Frameworks */,
			);
			runOnlyForDeploymentPostprocessing = 0;
		};
		04C786562555B37E003203E2 /* Frameworks */ = {
			isa = PBXFrameworksBuildPhase;
			buildActionMask = 2147483647;
			files = (
				F3E76922C64C7A571F6ACE2D /* Pods_BamiSoroTests.framework in Frameworks */,
			);
			runOnlyForDeploymentPostprocessing = 0;
		};
		04C786612555B37E003203E2 /* Frameworks */ = {
			isa = PBXFrameworksBuildPhase;
			buildActionMask = 2147483647;
			files = (
				D9FE03F618641E7659D29EC8 /* Pods_BamiSoro_BamiSoroUITests.framework in Frameworks */,
			);
			runOnlyForDeploymentPostprocessing = 0;
		};
/* End PBXFrameworksBuildPhase section */

/* Begin PBXGroup section */
		0428BD682560356100921626 /* Database */ = {
			isa = PBXGroup;
			children = (
				0428BD692560357A00921626 /* DatabaseManager.swift */,
			);
			path = Database;
			sourceTree = "<group>";
		};
		045225FF257A460F00B6D33F /* Storage */ = {
			isa = PBXGroup;
			children = (
				04522600257A463200B6D33F /* StorageManager.swift */,
			);
			path = Storage;
			sourceTree = "<group>";
		};
		04C7863A2555B37B003203E2 = {
			isa = PBXGroup;
			children = (
				04C786452555B37B003203E2 /* BamiSoro */,
				04C7865C2555B37E003203E2 /* BamiSoroTests */,
				04C786672555B37E003203E2 /* BamiSoroUITests */,
				04C786442555B37B003203E2 /* Products */,
				4879F593A5DFA22F1FA547AC /* Pods */,
				8198AF934D36F8661A91BF21 /* Frameworks */,
			);
			sourceTree = "<group>";
		};
		04C786442555B37B003203E2 /* Products */ = {
			isa = PBXGroup;
			children = (
				04C786432555B37B003203E2 /* BamiSoro.app */,
				04C786592555B37E003203E2 /* BamiSoroTests.xctest */,
				04C786642555B37E003203E2 /* BamiSoroUITests.xctest */,
			);
			name = Products;
			sourceTree = "<group>";
		};
		04C786452555B37B003203E2 /* BamiSoro */ = {
			isa = PBXGroup;
			children = (
				04C786B72556AEAB003203E2 /* BamiSoro.entitlements */,
				04C786AE2556A748003203E2 /* Constants */,
				04C7868025569BB2003203E2 /* Resources */,
				04C7867F25569BA8003203E2 /* Models */,
				04C7867E25569B92003203E2 /* ViewModels */,
				04C7867D25569B89003203E2 /* Views */,
				04C7867C25569B7F003203E2 /* Controllers */,
				04C786542555B37E003203E2 /* Info.plist */,
				0428BCB1255EA1C500921626 /* GoogleService-Info.plist */,
			);
			path = BamiSoro;
			sourceTree = "<group>";
		};
		04C7865C2555B37E003203E2 /* BamiSoroTests */ = {
			isa = PBXGroup;
			children = (
				04C7865D2555B37E003203E2 /* BamiSoroTests.swift */,
				04C7865F2555B37E003203E2 /* Info.plist */,
			);
			path = BamiSoroTests;
			sourceTree = "<group>";
		};
		04C786672555B37E003203E2 /* BamiSoroUITests */ = {
			isa = PBXGroup;
			children = (
				04C786682555B37E003203E2 /* BamiSoroUITests.swift */,
				04C7866A2555B37E003203E2 /* Info.plist */,
			);
			path = BamiSoroUITests;
			sourceTree = "<group>";
		};
		04C7867C25569B7F003203E2 /* Controllers */ = {
			isa = PBXGroup;
			children = (
				04C7864A2555B37B003203E2 /* ConversationsViewController.swift */,
				04C786AA2556A483003203E2 /* Login-Register */,
				04C7869325569E58003203E2 /* PhotoViewerViewController.swift */,
				04C7869825569EAA003203E2 /* VideoPlayerViewController.swift */,
				04C786A025569F05003203E2 /* NewConversationViewController.swift */,
				04C786A525569F13003203E2 /* ProfileViewController.swift */,
				045225B82578E2D700B6D33F /* ChatViewController.swift */,
			);
			path = Controllers;
			sourceTree = "<group>";
		};
		04C7867D25569B89003203E2 /* Views */ = {
			isa = PBXGroup;
			children = (
				04C7868125569BF5003203E2 /* Storyboard */,
				04C7864F2555B37E003203E2 /* Assets.xcassets */,
			);
			path = Views;
			sourceTree = "<group>";
		};
		04C7867E25569B92003203E2 /* ViewModels */ = {
			isa = PBXGroup;
			children = (
			);
			path = ViewModels;
			sourceTree = "<group>";
		};
		04C7867F25569BA8003203E2 /* Models */ = {
			isa = PBXGroup;
			children = (
			);
			path = Models;
			sourceTree = "<group>";
		};
		04C7868025569BB2003203E2 /* Resources */ = {
			isa = PBXGroup;
			children = (
				045225FF257A460F00B6D33F /* Storage */,
				04C786462555B37B003203E2 /* AppDelegate.swift */,
				04C786482555B37B003203E2 /* SceneDelegate.swift */,
				0428BD682560356100921626 /* Database */,
				04C786C02556DA10003203E2 /* Extensions */,
			);
			path = Resources;
			sourceTree = "<group>";
		};
		04C7868125569BF5003203E2 /* Storyboard */ = {
			isa = PBXGroup;
			children = (
				04C7864C2555B37B003203E2 /* Main.storyboard */,
				04C786512555B37E003203E2 /* LaunchScreen.storyboard */,
			);
			path = Storyboard;
			sourceTree = "<group>";
		};
		04C786AA2556A483003203E2 /* Login-Register */ = {
			isa = PBXGroup;
			children = (
				04C7868825569D88003203E2 /* LoginViewController.swift */,
				04C7868D25569DA3003203E2 /* RegisterViewController.swift */,
			);
			path = "Login-Register";
			sourceTree = "<group>";
		};
		04C786AE2556A748003203E2 /* Constants */ = {
			isa = PBXGroup;
			children = (
				04C786AF2556A77F003203E2 /* BamiSoroContants.swift */,
			);
			path = Constants;
			sourceTree = "<group>";
		};
		04C786C02556DA10003203E2 /* Extensions */ = {
			isa = PBXGroup;
			children = (
				04C786BB2556B7CE003203E2 /* Extension+UIView.swift */,
				04DBBE9E256C2DA40079E5E0 /* Helpers.swift */,
				0452258E257807BC00B6D33F /* Extension+Notification.swift */,
			);
			path = Extensions;
			sourceTree = "<group>";
		};
		4879F593A5DFA22F1FA547AC /* Pods */ = {
			isa = PBXGroup;
			children = (
				C28567ACFE0459DA82AF8BB1 /* Pods-BamiSoro.debug.xcconfig */,
				FCCF8884F4ABD35204308FD8 /* Pods-BamiSoro.release.xcconfig */,
				A5E7ED056F502C508E03DB3E /* Pods-BamiSoro-BamiSoroUITests.debug.xcconfig */,
				01FBA96F6E74DBA37CA0658E /* Pods-BamiSoro-BamiSoroUITests.release.xcconfig */,
				65E014F1F1FC6242489E0BA5 /* Pods-BamiSoroTests.debug.xcconfig */,
				CBA71E0BB9A2B5402E2151E3 /* Pods-BamiSoroTests.release.xcconfig */,
			);
			path = Pods;
			sourceTree = "<group>";
		};
		8198AF934D36F8661A91BF21 /* Frameworks */ = {
			isa = PBXGroup;
			children = (
				2B06E15D9222ED11EFE664C3 /* Pods_BamiSoro.framework */,
				40C4829B2898986C9CED87B2 /* Pods_BamiSoro_BamiSoroUITests.framework */,
				E4B719C4591D69D89DEBDD01 /* Pods_BamiSoroTests.framework */,
			);
			name = Frameworks;
			sourceTree = "<group>";
		};
/* End PBXGroup section */

/* Begin PBXNativeTarget section */
		04C786422555B37B003203E2 /* BamiSoro */ = {
			isa = PBXNativeTarget;
			buildConfigurationList = 04C7866D2555B37E003203E2 /* Build configuration list for PBXNativeTarget "BamiSoro" */;
			buildPhases = (
				8AD3E89675924F31D21C12A4 /* [CP] Check Pods Manifest.lock */,
				04C7863F2555B37B003203E2 /* Sources */,
				04C786402555B37B003203E2 /* Frameworks */,
				04C786412555B37B003203E2 /* Resources */,
				6FDEE256F5597D9FBF6CBDE9 /* [CP] Embed Pods Frameworks */,
				B8A53EDEFAB5FA3601E992CA /* [CP] Copy Pods Resources */,
			);
			buildRules = (
			);
			dependencies = (
			);
			name = BamiSoro;
			productName = BamiSoro;
			productReference = 04C786432555B37B003203E2 /* BamiSoro.app */;
			productType = "com.apple.product-type.application";
		};
		04C786582555B37E003203E2 /* BamiSoroTests */ = {
			isa = PBXNativeTarget;
			buildConfigurationList = 04C786702555B37E003203E2 /* Build configuration list for PBXNativeTarget "BamiSoroTests" */;
			buildPhases = (
				406F9691957CC603971A515B /* [CP] Check Pods Manifest.lock */,
				04C786552555B37E003203E2 /* Sources */,
				04C786562555B37E003203E2 /* Frameworks */,
				04C786572555B37E003203E2 /* Resources */,
			);
			buildRules = (
			);
			dependencies = (
				04C7865B2555B37E003203E2 /* PBXTargetDependency */,
			);
			name = BamiSoroTests;
			productName = BamiSoroTests;
			productReference = 04C786592555B37E003203E2 /* BamiSoroTests.xctest */;
			productType = "com.apple.product-type.bundle.unit-test";
		};
		04C786632555B37E003203E2 /* BamiSoroUITests */ = {
			isa = PBXNativeTarget;
			buildConfigurationList = 04C786732555B37E003203E2 /* Build configuration list for PBXNativeTarget "BamiSoroUITests" */;
			buildPhases = (
				C2032D5F7ED784CBBAF5CFA1 /* [CP] Check Pods Manifest.lock */,
				04C786602555B37E003203E2 /* Sources */,
				04C786612555B37E003203E2 /* Frameworks */,
				04C786622555B37E003203E2 /* Resources */,
				2228C8C4E3CAF34579B4A70E /* [CP] Embed Pods Frameworks */,
				2FF322C3F3D82FEF163C8A48 /* [CP] Copy Pods Resources */,
			);
			buildRules = (
			);
			dependencies = (
				04C786662555B37E003203E2 /* PBXTargetDependency */,
			);
			name = BamiSoroUITests;
			productName = BamiSoroUITests;
			productReference = 04C786642555B37E003203E2 /* BamiSoroUITests.xctest */;
			productType = "com.apple.product-type.bundle.ui-testing";
		};
/* End PBXNativeTarget section */

/* Begin PBXProject section */
		04C7863B2555B37B003203E2 /* Project object */ = {
			isa = PBXProject;
			attributes = {
				LastSwiftUpdateCheck = 1210;
				LastUpgradeCheck = 1210;
				TargetAttributes = {
					04C786422555B37B003203E2 = {
						CreatedOnToolsVersion = 12.1;
					};
					04C786582555B37E003203E2 = {
						CreatedOnToolsVersion = 12.1;
						TestTargetID = 04C786422555B37B003203E2;
					};
					04C786632555B37E003203E2 = {
						CreatedOnToolsVersion = 12.1;
						TestTargetID = 04C786422555B37B003203E2;
					};
				};
			};
			buildConfigurationList = 04C7863E2555B37B003203E2 /* Build configuration list for PBXProject "BamiSoro" */;
			compatibilityVersion = "Xcode 9.3";
			developmentRegion = en;
			hasScannedForEncodings = 0;
			knownRegions = (
				en,
				Base,
			);
			mainGroup = 04C7863A2555B37B003203E2;
			productRefGroup = 04C786442555B37B003203E2 /* Products */;
			projectDirPath = "";
			projectRoot = "";
			targets = (
				04C786422555B37B003203E2 /* BamiSoro */,
				04C786582555B37E003203E2 /* BamiSoroTests */,
				04C786632555B37E003203E2 /* BamiSoroUITests */,
			);
		};
/* End PBXProject section */

/* Begin PBXResourcesBuildPhase section */
		04C786412555B37B003203E2 /* Resources */ = {
			isa = PBXResourcesBuildPhase;
			buildActionMask = 2147483647;
			files = (
				04C786532555B37E003203E2 /* LaunchScreen.storyboard in Resources */,
				0428BCB2255EA1C500921626 /* GoogleService-Info.plist in Resources */,
				04C786502555B37E003203E2 /* Assets.xcassets in Resources */,
				04C7864E2555B37B003203E2 /* Main.storyboard in Resources */,
			);
			runOnlyForDeploymentPostprocessing = 0;
		};
		04C786572555B37E003203E2 /* Resources */ = {
			isa = PBXResourcesBuildPhase;
			buildActionMask = 2147483647;
			files = (
			);
			runOnlyForDeploymentPostprocessing = 0;
		};
		04C786622555B37E003203E2 /* Resources */ = {
			isa = PBXResourcesBuildPhase;
			buildActionMask = 2147483647;
			files = (
			);
			runOnlyForDeploymentPostprocessing = 0;
		};
/* End PBXResourcesBuildPhase section */

/* Begin PBXShellScriptBuildPhase section */
		2228C8C4E3CAF34579B4A70E /* [CP] Embed Pods Frameworks */ = {
			isa = PBXShellScriptBuildPhase;
			buildActionMask = 2147483647;
			files = (
			);
			inputFileListPaths = (
				"${PODS_ROOT}/Target Support Files/Pods-BamiSoro-BamiSoroUITests/Pods-BamiSoro-BamiSoroUITests-frameworks-${CONFIGURATION}-input-files.xcfilelist",
			);
			name = "[CP] Embed Pods Frameworks";
			outputFileListPaths = (
				"${PODS_ROOT}/Target Support Files/Pods-BamiSoro-BamiSoroUITests/Pods-BamiSoro-BamiSoroUITests-frameworks-${CONFIGURATION}-output-files.xcfilelist",
			);
			runOnlyForDeploymentPostprocessing = 0;
			shellPath = /bin/sh;
			shellScript = "\"${PODS_ROOT}/Target Support Files/Pods-BamiSoro-BamiSoroUITests/Pods-BamiSoro-BamiSoroUITests-frameworks.sh\"\n";
			showEnvVarsInLog = 0;
		};
		2FF322C3F3D82FEF163C8A48 /* [CP] Copy Pods Resources */ = {
			isa = PBXShellScriptBuildPhase;
			buildActionMask = 2147483647;
			files = (
			);
			inputFileListPaths = (
				"${PODS_ROOT}/Target Support Files/Pods-BamiSoro-BamiSoroUITests/Pods-BamiSoro-BamiSoroUITests-resources-${CONFIGURATION}-input-files.xcfilelist",
			);
			name = "[CP] Copy Pods Resources";
			outputFileListPaths = (
				"${PODS_ROOT}/Target Support Files/Pods-BamiSoro-BamiSoroUITests/Pods-BamiSoro-BamiSoroUITests-resources-${CONFIGURATION}-output-files.xcfilelist",
			);
			runOnlyForDeploymentPostprocessing = 0;
			shellPath = /bin/sh;
			shellScript = "\"${PODS_ROOT}/Target Support Files/Pods-BamiSoro-BamiSoroUITests/Pods-BamiSoro-BamiSoroUITests-resources.sh\"\n";
			showEnvVarsInLog = 0;
		};
		406F9691957CC603971A515B /* [CP] Check Pods Manifest.lock */ = {
			isa = PBXShellScriptBuildPhase;
			buildActionMask = 2147483647;
			files = (
			);
			inputFileListPaths = (
			);
			inputPaths = (
				"${PODS_PODFILE_DIR_PATH}/Podfile.lock",
				"${PODS_ROOT}/Manifest.lock",
			);
			name = "[CP] Check Pods Manifest.lock";
			outputFileListPaths = (
			);
			outputPaths = (
				"$(DERIVED_FILE_DIR)/Pods-BamiSoroTests-checkManifestLockResult.txt",
			);
			runOnlyForDeploymentPostprocessing = 0;
			shellPath = /bin/sh;
			shellScript = "diff \"${PODS_PODFILE_DIR_PATH}/Podfile.lock\" \"${PODS_ROOT}/Manifest.lock\" > /dev/null\nif [ $? != 0 ] ; then\n    # print error to STDERR\n    echo \"error: The sandbox is not in sync with the Podfile.lock. Run 'pod install' or update your CocoaPods installation.\" >&2\n    exit 1\nfi\n# This output is used by Xcode 'outputs' to avoid re-running this script phase.\necho \"SUCCESS\" > \"${SCRIPT_OUTPUT_FILE_0}\"\n";
			showEnvVarsInLog = 0;
		};
		6FDEE256F5597D9FBF6CBDE9 /* [CP] Embed Pods Frameworks */ = {
			isa = PBXShellScriptBuildPhase;
			buildActionMask = 2147483647;
			files = (
			);
			inputFileListPaths = (
				"${PODS_ROOT}/Target Support Files/Pods-BamiSoro/Pods-BamiSoro-frameworks-${CONFIGURATION}-input-files.xcfilelist",
			);
			name = "[CP] Embed Pods Frameworks";
			outputFileListPaths = (
				"${PODS_ROOT}/Target Support Files/Pods-BamiSoro/Pods-BamiSoro-frameworks-${CONFIGURATION}-output-files.xcfilelist",
			);
			runOnlyForDeploymentPostprocessing = 0;
			shellPath = /bin/sh;
			shellScript = "\"${PODS_ROOT}/Target Support Files/Pods-BamiSoro/Pods-BamiSoro-frameworks.sh\"\n";
			showEnvVarsInLog = 0;
		};
		8AD3E89675924F31D21C12A4 /* [CP] Check Pods Manifest.lock */ = {
			isa = PBXShellScriptBuildPhase;
			buildActionMask = 2147483647;
			files = (
			);
			inputFileListPaths = (
			);
			inputPaths = (
				"${PODS_PODFILE_DIR_PATH}/Podfile.lock",
				"${PODS_ROOT}/Manifest.lock",
			);
			name = "[CP] Check Pods Manifest.lock";
			outputFileListPaths = (
			);
			outputPaths = (
				"$(DERIVED_FILE_DIR)/Pods-BamiSoro-checkManifestLockResult.txt",
			);
			runOnlyForDeploymentPostprocessing = 0;
			shellPath = /bin/sh;
			shellScript = "diff \"${PODS_PODFILE_DIR_PATH}/Podfile.lock\" \"${PODS_ROOT}/Manifest.lock\" > /dev/null\nif [ $? != 0 ] ; then\n    # print error to STDERR\n    echo \"error: The sandbox is not in sync with the Podfile.lock. Run 'pod install' or update your CocoaPods installation.\" >&2\n    exit 1\nfi\n# This output is used by Xcode 'outputs' to avoid re-running this script phase.\necho \"SUCCESS\" > \"${SCRIPT_OUTPUT_FILE_0}\"\n";
			showEnvVarsInLog = 0;
		};
		B8A53EDEFAB5FA3601E992CA /* [CP] Copy Pods Resources */ = {
			isa = PBXShellScriptBuildPhase;
			buildActionMask = 2147483647;
			files = (
			);
			inputFileListPaths = (
				"${PODS_ROOT}/Target Support Files/Pods-BamiSoro/Pods-BamiSoro-resources-${CONFIGURATION}-input-files.xcfilelist",
			);
			name = "[CP] Copy Pods Resources";
			outputFileListPaths = (
				"${PODS_ROOT}/Target Support Files/Pods-BamiSoro/Pods-BamiSoro-resources-${CONFIGURATION}-output-files.xcfilelist",
			);
			runOnlyForDeploymentPostprocessing = 0;
			shellPath = /bin/sh;
			shellScript = "\"${PODS_ROOT}/Target Support Files/Pods-BamiSoro/Pods-BamiSoro-resources.sh\"\n";
			showEnvVarsInLog = 0;
		};
		C2032D5F7ED784CBBAF5CFA1 /* [CP] Check Pods Manifest.lock */ = {
			isa = PBXShellScriptBuildPhase;
			buildActionMask = 2147483647;
			files = (
			);
			inputFileListPaths = (
			);
			inputPaths = (
				"${PODS_PODFILE_DIR_PATH}/Podfile.lock",
				"${PODS_ROOT}/Manifest.lock",
			);
			name = "[CP] Check Pods Manifest.lock";
			outputFileListPaths = (
			);
			outputPaths = (
				"$(DERIVED_FILE_DIR)/Pods-BamiSoro-BamiSoroUITests-checkManifestLockResult.txt",
			);
			runOnlyForDeploymentPostprocessing = 0;
			shellPath = /bin/sh;
			shellScript = "diff \"${PODS_PODFILE_DIR_PATH}/Podfile.lock\" \"${PODS_ROOT}/Manifest.lock\" > /dev/null\nif [ $? != 0 ] ; then\n    # print error to STDERR\n    echo \"error: The sandbox is not in sync with the Podfile.lock. Run 'pod install' or update your CocoaPods installation.\" >&2\n    exit 1\nfi\n# This output is used by Xcode 'outputs' to avoid re-running this script phase.\necho \"SUCCESS\" > \"${SCRIPT_OUTPUT_FILE_0}\"\n";
			showEnvVarsInLog = 0;
		};
/* End PBXShellScriptBuildPhase section */

/* Begin PBXSourcesBuildPhase section */
		04C7863F2555B37B003203E2 /* Sources */ = {
			isa = PBXSourcesBuildPhase;
			buildActionMask = 2147483647;
			files = (
				04C7868925569D88003203E2 /* LoginViewController.swift in Sources */,
				04C786B02556A77F003203E2 /* BamiSoroContants.swift in Sources */,
				04C7869925569EAA003203E2 /* VideoPlayerViewController.swift in Sources */,
				04C786A125569F05003203E2 /* NewConversationViewController.swift in Sources */,
				0452258F257807BC00B6D33F /* Extension+Notification.swift in Sources */,
				04C7868E25569DA3003203E2 /* RegisterViewController.swift in Sources */,
				04C7864B2555B37B003203E2 /* ConversationsViewController.swift in Sources */,
				04C786472555B37B003203E2 /* AppDelegate.swift in Sources */,
				04C786A625569F13003203E2 /* ProfileViewController.swift in Sources */,
				0428BD6A2560357A00921626 /* DatabaseManager.swift in Sources */,
				04C786492555B37B003203E2 /* SceneDelegate.swift in Sources */,
				04DBBE9F256C2DA40079E5E0 /* Helpers.swift in Sources */,
				04C786BC2556B7CE003203E2 /* Extension+UIView.swift in Sources */,
				045225B92578E2D700B6D33F /* ChatViewController.swift in Sources */,
				04C7869425569E58003203E2 /* PhotoViewerViewController.swift in Sources */,
				04522601257A463200B6D33F /* StorageManager.swift in Sources */,
			);
			runOnlyForDeploymentPostprocessing = 0;
		};
		04C786552555B37E003203E2 /* Sources */ = {
			isa = PBXSourcesBuildPhase;
			buildActionMask = 2147483647;
			files = (
				04C7865E2555B37E003203E2 /* BamiSoroTests.swift in Sources */,
			);
			runOnlyForDeploymentPostprocessing = 0;
		};
		04C786602555B37E003203E2 /* Sources */ = {
			isa = PBXSourcesBuildPhase;
			buildActionMask = 2147483647;
			files = (
				04C786692555B37E003203E2 /* BamiSoroUITests.swift in Sources */,
			);
			runOnlyForDeploymentPostprocessing = 0;
		};
/* End PBXSourcesBuildPhase section */

/* Begin PBXTargetDependency section */
		04C7865B2555B37E003203E2 /* PBXTargetDependency */ = {
			isa = PBXTargetDependency;
			target = 04C786422555B37B003203E2 /* BamiSoro */;
			targetProxy = 04C7865A2555B37E003203E2 /* PBXContainerItemProxy */;
		};
		04C786662555B37E003203E2 /* PBXTargetDependency */ = {
			isa = PBXTargetDependency;
			target = 04C786422555B37B003203E2 /* BamiSoro */;
			targetProxy = 04C786652555B37E003203E2 /* PBXContainerItemProxy */;
		};
/* End PBXTargetDependency section */

/* Begin PBXVariantGroup section */
		04C7864C2555B37B003203E2 /* Main.storyboard */ = {
			isa = PBXVariantGroup;
			children = (
				04C7864D2555B37B003203E2 /* Base */,
			);
			name = Main.storyboard;
			sourceTree = "<group>";
		};
		04C786512555B37E003203E2 /* LaunchScreen.storyboard */ = {
			isa = PBXVariantGroup;
			children = (
				04C786522555B37E003203E2 /* Base */,
			);
			name = LaunchScreen.storyboard;
			sourceTree = "<group>";
		};
/* End PBXVariantGroup section */

/* Begin XCBuildConfiguration section */
		04C7866B2555B37E003203E2 /* Debug */ = {
			isa = XCBuildConfiguration;
			buildSettings = {
				ALWAYS_SEARCH_USER_PATHS = NO;
				CLANG_ANALYZER_NONNULL = YES;
				CLANG_ANALYZER_NUMBER_OBJECT_CONVERSION = YES_AGGRESSIVE;
				CLANG_CXX_LANGUAGE_STANDARD = "gnu++14";
				CLANG_CXX_LIBRARY = "libc++";
				CLANG_ENABLE_MODULES = YES;
				CLANG_ENABLE_OBJC_ARC = YES;
				CLANG_ENABLE_OBJC_WEAK = YES;
				CLANG_WARN_BLOCK_CAPTURE_AUTORELEASING = YES;
				CLANG_WARN_BOOL_CONVERSION = YES;
				CLANG_WARN_COMMA = YES;
				CLANG_WARN_CONSTANT_CONVERSION = YES;
				CLANG_WARN_DEPRECATED_OBJC_IMPLEMENTATIONS = YES;
				CLANG_WARN_DIRECT_OBJC_ISA_USAGE = YES_ERROR;
				CLANG_WARN_DOCUMENTATION_COMMENTS = YES;
				CLANG_WARN_EMPTY_BODY = YES;
				CLANG_WARN_ENUM_CONVERSION = YES;
				CLANG_WARN_INFINITE_RECURSION = YES;
				CLANG_WARN_INT_CONVERSION = YES;
				CLANG_WARN_NON_LITERAL_NULL_CONVERSION = YES;
				CLANG_WARN_OBJC_IMPLICIT_RETAIN_SELF = YES;
				CLANG_WARN_OBJC_LITERAL_CONVERSION = YES;
				CLANG_WARN_OBJC_ROOT_CLASS = YES_ERROR;
				CLANG_WARN_QUOTED_INCLUDE_IN_FRAMEWORK_HEADER = YES;
				CLANG_WARN_RANGE_LOOP_ANALYSIS = YES;
				CLANG_WARN_STRICT_PROTOTYPES = YES;
				CLANG_WARN_SUSPICIOUS_MOVE = YES;
				CLANG_WARN_UNGUARDED_AVAILABILITY = YES_AGGRESSIVE;
				CLANG_WARN_UNREACHABLE_CODE = YES;
				CLANG_WARN__DUPLICATE_METHOD_MATCH = YES;
				COPY_PHASE_STRIP = NO;
				DEBUG_INFORMATION_FORMAT = dwarf;
				ENABLE_STRICT_OBJC_MSGSEND = YES;
				ENABLE_TESTABILITY = YES;
				GCC_C_LANGUAGE_STANDARD = gnu11;
				GCC_DYNAMIC_NO_PIC = NO;
				GCC_NO_COMMON_BLOCKS = YES;
				GCC_OPTIMIZATION_LEVEL = 0;
				GCC_PREPROCESSOR_DEFINITIONS = (
					"DEBUG=1",
					"$(inherited)",
				);
				GCC_WARN_64_TO_32_BIT_CONVERSION = YES;
				GCC_WARN_ABOUT_RETURN_TYPE = YES_ERROR;
				GCC_WARN_UNDECLARED_SELECTOR = YES;
				GCC_WARN_UNINITIALIZED_AUTOS = YES_AGGRESSIVE;
				GCC_WARN_UNUSED_FUNCTION = YES;
				GCC_WARN_UNUSED_VARIABLE = YES;
				IPHONEOS_DEPLOYMENT_TARGET = 14.1;
				MTL_ENABLE_DEBUG_INFO = INCLUDE_SOURCE;
				MTL_FAST_MATH = YES;
				ONLY_ACTIVE_ARCH = YES;
				SDKROOT = iphoneos;
				SWIFT_ACTIVE_COMPILATION_CONDITIONS = DEBUG;
				SWIFT_OPTIMIZATION_LEVEL = "-Onone";
			};
			name = Debug;
		};
		04C7866C2555B37E003203E2 /* Release */ = {
			isa = XCBuildConfiguration;
			buildSettings = {
				ALWAYS_SEARCH_USER_PATHS = NO;
				CLANG_ANALYZER_NONNULL = YES;
				CLANG_ANALYZER_NUMBER_OBJECT_CONVERSION = YES_AGGRESSIVE;
				CLANG_CXX_LANGUAGE_STANDARD = "gnu++14";
				CLANG_CXX_LIBRARY = "libc++";
				CLANG_ENABLE_MODULES = YES;
				CLANG_ENABLE_OBJC_ARC = YES;
				CLANG_ENABLE_OBJC_WEAK = YES;
				CLANG_WARN_BLOCK_CAPTURE_AUTORELEASING = YES;
				CLANG_WARN_BOOL_CONVERSION = YES;
				CLANG_WARN_COMMA = YES;
				CLANG_WARN_CONSTANT_CONVERSION = YES;
				CLANG_WARN_DEPRECATED_OBJC_IMPLEMENTATIONS = YES;
				CLANG_WARN_DIRECT_OBJC_ISA_USAGE = YES_ERROR;
				CLANG_WARN_DOCUMENTATION_COMMENTS = YES;
				CLANG_WARN_EMPTY_BODY = YES;
				CLANG_WARN_ENUM_CONVERSION = YES;
				CLANG_WARN_INFINITE_RECURSION = YES;
				CLANG_WARN_INT_CONVERSION = YES;
				CLANG_WARN_NON_LITERAL_NULL_CONVERSION = YES;
				CLANG_WARN_OBJC_IMPLICIT_RETAIN_SELF = YES;
				CLANG_WARN_OBJC_LITERAL_CONVERSION = YES;
				CLANG_WARN_OBJC_ROOT_CLASS = YES_ERROR;
				CLANG_WARN_QUOTED_INCLUDE_IN_FRAMEWORK_HEADER = YES;
				CLANG_WARN_RANGE_LOOP_ANALYSIS = YES;
				CLANG_WARN_STRICT_PROTOTYPES = YES;
				CLANG_WARN_SUSPICIOUS_MOVE = YES;
				CLANG_WARN_UNGUARDED_AVAILABILITY = YES_AGGRESSIVE;
				CLANG_WARN_UNREACHABLE_CODE = YES;
				CLANG_WARN__DUPLICATE_METHOD_MATCH = YES;
				COPY_PHASE_STRIP = NO;
				DEBUG_INFORMATION_FORMAT = "dwarf-with-dsym";
				ENABLE_NS_ASSERTIONS = NO;
				ENABLE_STRICT_OBJC_MSGSEND = YES;
				GCC_C_LANGUAGE_STANDARD = gnu11;
				GCC_NO_COMMON_BLOCKS = YES;
				GCC_WARN_64_TO_32_BIT_CONVERSION = YES;
				GCC_WARN_ABOUT_RETURN_TYPE = YES_ERROR;
				GCC_WARN_UNDECLARED_SELECTOR = YES;
				GCC_WARN_UNINITIALIZED_AUTOS = YES_AGGRESSIVE;
				GCC_WARN_UNUSED_FUNCTION = YES;
				GCC_WARN_UNUSED_VARIABLE = YES;
				IPHONEOS_DEPLOYMENT_TARGET = 14.1;
				MTL_ENABLE_DEBUG_INFO = NO;
				MTL_FAST_MATH = YES;
				SDKROOT = iphoneos;
				SWIFT_COMPILATION_MODE = wholemodule;
				SWIFT_OPTIMIZATION_LEVEL = "-O";
				VALIDATE_PRODUCT = YES;
			};
			name = Release;
		};
		04C7866E2555B37E003203E2 /* Debug */ = {
			isa = XCBuildConfiguration;
			baseConfigurationReference = C28567ACFE0459DA82AF8BB1 /* Pods-BamiSoro.debug.xcconfig */;
			buildSettings = {
				ALWAYS_SEARCH_USER_PATHS = NO;
				ASSETCATALOG_COMPILER_APPICON_NAME = AppIcon;
				ASSETCATALOG_COMPILER_GLOBAL_ACCENT_COLOR_NAME = AccentColor;
				CODE_SIGN_ENTITLEMENTS = BamiSoro/BamiSoro.entitlements;
				CODE_SIGN_STYLE = Automatic;
				DEVELOPMENT_TEAM = 6ZPB2R3KP8;
				INFOPLIST_FILE = BamiSoro/Info.plist;
				IPHONEOS_DEPLOYMENT_TARGET = 14.1;
				LD_RUNPATH_SEARCH_PATHS = (
					"$(inherited)",
					"@executable_path/Frameworks",
				);
				PRODUCT_BUNDLE_IDENTIFIER = com.waheedcodes.BamiSoro;
				PRODUCT_NAME = "$(TARGET_NAME)";
				SWIFT_VERSION = 5.0;
				TARGETED_DEVICE_FAMILY = "1,2";
				USER_HEADER_SEARCH_PATHS = "$(Inherited)";
			};
			name = Debug;
		};
		04C7866F2555B37E003203E2 /* Release */ = {
			isa = XCBuildConfiguration;
			baseConfigurationReference = FCCF8884F4ABD35204308FD8 /* Pods-BamiSoro.release.xcconfig */;
			buildSettings = {
				ALWAYS_SEARCH_USER_PATHS = NO;
				ASSETCATALOG_COMPILER_APPICON_NAME = AppIcon;
				ASSETCATALOG_COMPILER_GLOBAL_ACCENT_COLOR_NAME = AccentColor;
				CODE_SIGN_ENTITLEMENTS = BamiSoro/BamiSoro.entitlements;
				CODE_SIGN_STYLE = Automatic;
				DEVELOPMENT_TEAM = 6ZPB2R3KP8;
				INFOPLIST_FILE = BamiSoro/Info.plist;
				IPHONEOS_DEPLOYMENT_TARGET = 14.1;
				LD_RUNPATH_SEARCH_PATHS = (
					"$(inherited)",
					"@executable_path/Frameworks",
				);
				PRODUCT_BUNDLE_IDENTIFIER = com.waheedcodes.BamiSoro;
				PRODUCT_NAME = "$(TARGET_NAME)";
				SWIFT_VERSION = 5.0;
				TARGETED_DEVICE_FAMILY = "1,2";
				USER_HEADER_SEARCH_PATHS = "$(Inherited)";
			};
			name = Release;
		};
		04C786712555B37E003203E2 /* Debug */ = {
			isa = XCBuildConfiguration;
			baseConfigurationReference = 65E014F1F1FC6242489E0BA5 /* Pods-BamiSoroTests.debug.xcconfig */;
			buildSettings = {
				ALWAYS_EMBED_SWIFT_STANDARD_LIBRARIES = YES;
				BUNDLE_LOADER = "$(TEST_HOST)";
				CODE_SIGN_STYLE = Automatic;
				DEVELOPMENT_TEAM = 6ZPB2R3KP8;
				INFOPLIST_FILE = BamiSoroTests/Info.plist;
				IPHONEOS_DEPLOYMENT_TARGET = 14.1;
				LD_RUNPATH_SEARCH_PATHS = (
					"$(inherited)",
					"@executable_path/Frameworks",
					"@loader_path/Frameworks",
				);
				PRODUCT_BUNDLE_IDENTIFIER = com.waheedcodes.BamiSoroTests;
				PRODUCT_NAME = "$(TARGET_NAME)";
				SWIFT_VERSION = 5.0;
				TARGETED_DEVICE_FAMILY = "1,2";
				TEST_HOST = "$(BUILT_PRODUCTS_DIR)/BamiSoro.app/BamiSoro";
			};
			name = Debug;
		};
		04C786722555B37E003203E2 /* Release */ = {
			isa = XCBuildConfiguration;
			baseConfigurationReference = CBA71E0BB9A2B5402E2151E3 /* Pods-BamiSoroTests.release.xcconfig */;
			buildSettings = {
				ALWAYS_EMBED_SWIFT_STANDARD_LIBRARIES = YES;
				BUNDLE_LOADER = "$(TEST_HOST)";
				CODE_SIGN_STYLE = Automatic;
				DEVELOPMENT_TEAM = 6ZPB2R3KP8;
				INFOPLIST_FILE = BamiSoroTests/Info.plist;
				IPHONEOS_DEPLOYMENT_TARGET = 14.1;
				LD_RUNPATH_SEARCH_PATHS = (
					"$(inherited)",
					"@executable_path/Frameworks",
					"@loader_path/Frameworks",
				);
				PRODUCT_BUNDLE_IDENTIFIER = com.waheedcodes.BamiSoroTests;
				PRODUCT_NAME = "$(TARGET_NAME)";
				SWIFT_VERSION = 5.0;
				TARGETED_DEVICE_FAMILY = "1,2";
				TEST_HOST = "$(BUILT_PRODUCTS_DIR)/BamiSoro.app/BamiSoro";
			};
			name = Release;
		};
		04C786742555B37E003203E2 /* Debug */ = {
			isa = XCBuildConfiguration;
			baseConfigurationReference = A5E7ED056F502C508E03DB3E /* Pods-BamiSoro-BamiSoroUITests.debug.xcconfig */;
			buildSettings = {
				ALWAYS_EMBED_SWIFT_STANDARD_LIBRARIES = YES;
				CODE_SIGN_STYLE = Automatic;
				DEVELOPMENT_TEAM = 6ZPB2R3KP8;
				INFOPLIST_FILE = BamiSoroUITests/Info.plist;
				LD_RUNPATH_SEARCH_PATHS = (
					"$(inherited)",
					"@executable_path/Frameworks",
					"@loader_path/Frameworks",
				);
				PRODUCT_BUNDLE_IDENTIFIER = com.waheedcodes.BamiSoroUITests;
				PRODUCT_NAME = "$(TARGET_NAME)";
				SWIFT_VERSION = 5.0;
				TARGETED_DEVICE_FAMILY = "1,2";
				TEST_TARGET_NAME = BamiSoro;
			};
			name = Debug;
		};
		04C786752555B37E003203E2 /* Release */ = {
			isa = XCBuildConfiguration;
			baseConfigurationReference = 01FBA96F6E74DBA37CA0658E /* Pods-BamiSoro-BamiSoroUITests.release.xcconfig */;
			buildSettings = {
				ALWAYS_EMBED_SWIFT_STANDARD_LIBRARIES = YES;
				CODE_SIGN_STYLE = Automatic;
				DEVELOPMENT_TEAM = 6ZPB2R3KP8;
				INFOPLIST_FILE = BamiSoroUITests/Info.plist;
				LD_RUNPATH_SEARCH_PATHS = (
					"$(inherited)",
					"@executable_path/Frameworks",
					"@loader_path/Frameworks",
				);
				PRODUCT_BUNDLE_IDENTIFIER = com.waheedcodes.BamiSoroUITests;
				PRODUCT_NAME = "$(TARGET_NAME)";
				SWIFT_VERSION = 5.0;
				TARGETED_DEVICE_FAMILY = "1,2";
				TEST_TARGET_NAME = BamiSoro;
			};
			name = Release;
		};
/* End XCBuildConfiguration section */

/* Begin XCConfigurationList section */
		04C7863E2555B37B003203E2 /* Build configuration list for PBXProject "BamiSoro" */ = {
			isa = XCConfigurationList;
			buildConfigurations = (
				04C7866B2555B37E003203E2 /* Debug */,
				04C7866C2555B37E003203E2 /* Release */,
			);
			defaultConfigurationIsVisible = 0;
			defaultConfigurationName = Release;
		};
		04C7866D2555B37E003203E2 /* Build configuration list for PBXNativeTarget "BamiSoro" */ = {
			isa = XCConfigurationList;
			buildConfigurations = (
				04C7866E2555B37E003203E2 /* Debug */,
				04C7866F2555B37E003203E2 /* Release */,
			);
			defaultConfigurationIsVisible = 0;
			defaultConfigurationName = Release;
		};
		04C786702555B37E003203E2 /* Build configuration list for PBXNativeTarget "BamiSoroTests" */ = {
			isa = XCConfigurationList;
			buildConfigurations = (
				04C786712555B37E003203E2 /* Debug */,
				04C786722555B37E003203E2 /* Release */,
			);
			defaultConfigurationIsVisible = 0;
			defaultConfigurationName = Release;
		};
		04C786732555B37E003203E2 /* Build configuration list for PBXNativeTarget "BamiSoroUITests" */ = {
			isa = XCConfigurationList;
			buildConfigurations = (
				04C786742555B37E003203E2 /* Debug */,
				04C786752555B37E003203E2 /* Release */,
			);
			defaultConfigurationIsVisible = 0;
			defaultConfigurationName = Release;
		};
/* End XCConfigurationList section */
	};
	rootObject = 04C7863B2555B37B003203E2 /* Project object */;
}
